
Microsoft Visual Studio Solution File, Format Version 12.00
# Visual Studio Version 16
VisualStudioVersion = 16.0.30011.22
MinimumVisualStudioVersion = 10.0.40219.1
Project("{FAE04EC0-301F-11D3-BF4B-00C04F79EFBC}") = "SportsStore", "SportsStore\SportsStore.csproj", "{701BF374-0143-45DC-BBED-9CC1349BD40E}"
EndProject
Project("{FAE04EC0-301F-11D3-BF4B-00C04F79EFBC}") = "SportsStore.Tests", "SportsStore.Tests\SportsStore.Tests.csproj", "{F2D9FAB2-E259-4479-A1F8-23A0B6556FDF}"
EndProject
Global
	GlobalSection(SolutionConfigurationPlatforms) = preSolution
		Debug|Any CPU = Debug|Any CPU
		Release|Any CPU = Release|Any CPU
	EndGlobalSection
	GlobalSection(ProjectConfigurationPlatforms) = postSolution
		{701BF374-0143-45DC-BBED-9CC1349BD40E}.Debug|Any CPU.ActiveCfg = Debug|Any CPU
		{701BF374-0143-45DC-BBED-9CC1349BD40E}.Debug|Any CPU.Build.0 = Debug|Any CPU
		{701BF374-0143-45DC-BBED-9CC1349BD40E}.Release|Any CPU.ActiveCfg = Release|Any CPU
		{701BF374-0143-45DC-BBED-9CC1349BD40E}.Release|Any CPU.Build.0 = Release|Any CPU
		{F2D9FAB2-E259-4479-A1F8-23A0B6556FDF}.Debug|Any CPU.ActiveCfg = Debug|Any CPU
		{F2D9FAB2-E259-4479-A1F8-23A0B6556FDF}.Debug|Any CPU.Build.0 = Debug|Any CPU
		{F2D9FAB2-E259-4479-A1F8-23A0B6556FDF}.Release|Any CPU.ActiveCfg = Release|Any CPU
		{F2D9FAB2-E259-4479-A1F8-23A0B6556FDF}.Release|Any CPU.Build.0 = Release|Any CPU
	EndGlobalSection
	GlobalSection(SolutionProperties) = preSolution
		HideSolutionNode = FALSE
	EndGlobalSection
	GlobalSection(ExtensibilityGlobals) = postSolution
		SolutionGuid = {C786E61B-137B-4166-971A-F93FC4199CAC}
	EndGlobalSection
EndGlobal
